Microsoft Visual Studio Solution File, Format Version 12.00
# Visual Studio Version 17
VisualStudioVersion = 17.5.2.0
MinimumVisualStudioVersion = 10.0.40219.1
Project("{FAE04EC0-301F-11D3-BF4B-00C04F79EFBC}") = "CadastroAlunoConsole", "CadastroAlunoConsole.csproj", "{713696F2-5DD1-DAD0-956B-FEE8DC53273D}"
EndProject
Global
	GlobalSection(SolutionConfigurationPlatforms) = preSolution
		Debug|Any CPU = Debug|Any CPU
		Release|Any CPU = Release|Any CPU
	EndGlobalSection
	GlobalSection(ProjectConfigurationPlatforms) = postSolution
		{713696F2-5DD1-DAD0-956B-FEE8DC53273D}.Debug|Any CPU.ActiveCfg = Debug|Any CPU
		{713696F2-5DD1-DAD0-956B-FEE8DC53273D}.Debug|Any CPU.Build.0 = Debug|Any CPU
		{713696F2-5DD1-DAD0-956B-FEE8DC53273D}.Release|Any CPU.ActiveCfg = Release|Any CPU
		{713696F2-5DD1-DAD0-956B-FEE8DC53273D}.Release|Any CPU.Build.0 = Release|Any CPU
	EndGlobalSection
	GlobalSection(SolutionProperties) = preSolution
		HideSolutionNode = FALSE
	EndGlobalSection
	GlobalSection(ExtensibilityGlobals) = postSolution
		SolutionGuid = {45248DC0-C766-48CD-80CB-836CEEBAAE15}
	EndGlobalSection
EndGlobal
